
Microsoft Visual Studio Solution File, Format Version 12.00
# Visual Studio 2015
Project("{FAE04EC0-301F-11D3-BF4B-00C04F79EFBC}") = "Mesh Builder.CSharp", "Mesh Builder.CSharp.csproj", "{D1D9E4EC-33EA-0CD8-BE5C-FC985D3CF4BA}"
EndProject
Global
	GlobalSection(SolutionConfigurationPlatforms) = preSolution
		Debug|Any CPU = Debug|Any CPU
		Release|Any CPU = Release|Any CPU
	EndGlobalSection
	GlobalSection(ProjectConfigurationPlatforms) = postSolution
		{D1D9E4EC-33EA-0CD8-BE5C-FC985D3CF4BA}.Debug|Any CPU.ActiveCfg = Debug|Any CPU
		{D1D9E4EC-33EA-0CD8-BE5C-FC985D3CF4BA}.Debug|Any CPU.Build.0 = Debug|Any CPU
		{D1D9E4EC-33EA-0CD8-BE5C-FC985D3CF4BA}.Release|Any CPU.ActiveCfg = Release|Any CPU
		{D1D9E4EC-33EA-0CD8-BE5C-FC985D3CF4BA}.Release|Any CPU.Build.0 = Release|Any CPU
	EndGlobalSection
	GlobalSection(SolutionProperties) = preSolution
		HideSolutionNode = FALSE
	EndGlobalSection
EndGlobal
